// !$*UTF8*$!
{
	archiveVersion = 1;
	classes = {
	};
	objectVersion = 46;
	objects = {

/* Begin PBXBuildFile section */
		D90E81501C683BC2003205E0 /* InAppPurchaseManager.swift in Sources */ = {isa = PBXBuildFile; fileRef = D90E814F1C683BC2003205E0 /* InAppPurchaseManager.swift */; };
		D9F0D6651C682A0700B627F6 /* AppDelegate.swift in Sources */ = {isa = PBXBuildFile; fileRef = D9F0D6641C682A0700B627F6 /* AppDelegate.swift */; };
		D9F0D66A1C682A0700B627F6 /* Main.storyboard in Resources */ = {isa = PBXBuildFile; fileRef = D9F0D6681C682A0700B627F6 /* Main.storyboard */; };
		D9F0D66C1C682A0700B627F6 /* Assets.xcassets in Resources */ = {isa = PBXBuildFile; fileRef = D9F0D66B1C682A0700B627F6 /* Assets.xcassets */; };
/* End PBXBuildFile section */

/* Begin PBXFileReference section */
		D90E814F1C683BC2003205E0 /* InAppPurchaseManager.swift */ = {isa = PBXFileReference; fileEncoding = 4; lastKnownFileType = sourcecode.swift; path = InAppPurchaseManager.swift; sourceTree = "<group>"; };
		D9F0D6611C682A0700B627F6 /* Crash Test.app */ = {isa = PBXFileReference; explicitFileType = wrapper.application; includeInIndex = 0; path = "Crash Test.app"; sourceTree = BUILT_PRODUCTS_DIR; };
		D9F0D6641C682A0700B627F6 /* AppDelegate.swift */ = {isa = PBXFileReference; lastKnownFileType = sourcecode.swift; path = AppDelegate.swift; sourceTree = "<group>"; };
		D9F0D6691C682A0700B627F6 /* Base */ = {isa = PBXFileReference; lastKnownFileType = file.storyboard; name = Base; path = Base.lproj/Main.storyboard; sourceTree = "<group>"; };
		D9F0D66B1C682A0700B627F6 /* Assets.xcassets */ = {isa = PBXFileReference; lastKnownFileType = folder.assetcatalog; path = Assets.xcassets; sourceTree = "<group>"; };
		D9F0D6701C682A0700B627F6 /* Info.plist */ = {isa = PBXFileReference; lastKnownFileType = text.plist.xml; path = Info.plist; sourceTree = "<group>"; };
/* End PBXFileReference section */

/* Begin PBXFrameworksBuildPhase section */
		D9F0D65E1C682A0700B627F6 /* Frameworks */ = {
			isa = PBXFrameworksBuildPhase;
			buildActionMask = 2147483647;
			files = (
			);
			runOnlyForDeploymentPostprocessing = 0;
		};
/* End PBXFrameworksBuildPhase section */

/* Begin PBXGroup section */
		D9F0D6581C682A0700B627F6 = {
			isa = PBXGroup;
			children = (
				D9F0D6631C682A0700B627F6 /* Crash Test */,
				D9F0D6621C682A0700B627F6 /* Products */,
			);
			sourceTree = "<group>";
		};
		D9F0D6621C682A0700B627F6 /* Products */ = {
			isa = PBXGroup;
			children = (
				D9F0D6611C682A0700B627F6 /* Crash Test.app */,
			);
			name = Products;
			sourceTree = "<group>";
		};
		D9F0D6631C682A0700B627F6 /* Crash Test */ = {
			isa = PBXGroup;
			children = (
				D9F0D6641C682A0700B627F6 /* AppDelegate.swift */,
				D90E814F1C683BC2003205E0 /* InAppPurchaseManager.swift */,
				D9F0D6681C682A0700B627F6 /* Main.storyboard */,
				D9F0D66B1C682A0700B627F6 /* Assets.xcassets */,
				D9F0D6701C682A0700B627F6 /* Info.plist */,
			);
			path = "Crash Test";
			sourceTree = "<group>";
		};
/* End PBXGroup section */

/* Begin PBXNativeTarget section */
		D9F0D6601C682A0700B627F6 /* Crash Test */ = {
			isa = PBXNativeTarget;
			buildConfigurationList = D9F0D6731C682A0700B627F6 /* Build configuration list for PBXNativeTarget "Crash Test" */;
			buildPhases = (
				D9F0D65D1C682A0700B627F6 /* Sources */,
				D9F0D65E1C682A0700B627F6 /* Frameworks */,
				D9F0D65F1C682A0700B627F6 /* Resources */,
			);
			buildRules = (
			);
			dependencies = (
			);
			name = "Crash Test";
			productName = "Crash Test";
			productReference = D9F0D6611C682A0700B627F6 /* Crash Test.app */;
			productType = "com.apple.product-type.application";
		};
/* End PBXNativeTarget section */

/* Begin PBXProject section */
		D9F0D6591C682A0700B627F6 /* Project object */ = {
			isa = PBXProject;
			attributes = {
				LastSwiftUpdateCheck = 0730;
				LastUpgradeCheck = 0730;
				ORGANIZATIONNAME = "Yetii Ltd.";
				TargetAttributes = {
					D9F0D6601C682A0700B627F6 = {
						CreatedOnToolsVersion = 7.3;
					};
				};
			};
			buildConfigurationList = D9F0D65C1C682A0700B627F6 /* Build configuration list for PBXProject "Crash Test" */;
			compatibilityVersion = "Xcode 3.2";
			developmentRegion = English;
			hasScannedForEncodings = 0;
			knownRegions = (
				en,
				Base,
			);
			mainGroup = D9F0D6581C682A0700B627F6;
			productRefGroup = D9F0D6621C682A0700B627F6 /* Products */;
			projectDirPath = "";
			projectRoot = "";
			targets = (
				D9F0D6601C682A0700B627F6 /* Crash Test */,
			);
		};
/* End PBXProject section */

/* Begin PBXResourcesBuildPhase section */
		D9F0D65F1C682A0700B627F6 /* Resources */ = {
			isa = PBXResourcesBuildPhase;
			buildActionMask = 2147483647;
			files = (
				D9F0D66C1C682A0700B627F6 /* Assets.xcassets in Resources */,
				D9F0D66A1C682A0700B627F6 /* Main.storyboard in Resources */,
			);
			runOnlyForDeploymentPostprocessing = 0;
		};
/* End PBXResourcesBuildPhase section */

/* Begin PBXSourcesBuildPhase section */
		D9F0D65D1C682A0700B627F6 /* Sources */ = {
			isa = PBXSourcesBuildPhase;
			buildActionMask = 2147483647;
			files = (
				D9F0D6651C682A0700B627F6 /* AppDelegate.swift in Sources */,
				D90E81501C683BC2003205E0 /* InAppPurchaseManager.swift in Sources */,
			);
			runOnlyForDeploymentPostprocessing = 0;
		};
/* End PBXSourcesBuildPhase section */

/* Begin PBXVariantGroup section */
		D9F0D6681C682A0700B627F6 /* Main.storyboard */ = {
			isa = PBXVariantGroup;
			children = (
				D9F0D6691C682A0700B627F6 /* Base */,
			);
			name = Main.storyboard;
			sourceTree = "<group>";
		};
/* End PBXVariantGroup section */

/* Begin XCBuildConfiguration section */
		D9F0D6711C682A0700B627F6 /* Debug */ = {
			isa = XCBuildConfiguration;
			buildSettings = {
				ALWAYS_SEARCH_USER_PATHS = NO;
				CLANG_CXX_LANGUAGE_STANDARD = "gnu++0x";
				CLANG_CXX_LIBRARY = "libc++";
				CLANG_ENABLE_MODULES = YES;
				CLANG_ENABLE_OBJC_ARC = YES;
				CLANG_WARN_BOOL_CONVERSION = YES;
				CLANG_WARN_CONSTANT_CONVERSION = YES;
				CLANG_WARN_DIRECT_OBJC_ISA_USAGE = YES_ERROR;
				CLANG_WARN_EMPTY_BODY = YES;
				CLANG_WARN_ENUM_CONVERSION = YES;
				CLANG_WARN_INT_CONVERSION = YES;
				CLANG_WARN_OBJC_ROOT_CLASS = YES_ERROR;
				CLANG_WARN_UNREACHABLE_CODE = YES;
				CLANG_WARN__DUPLICATE_METHOD_MATCH = YES;
				"CODE_SIGN_IDENTITY[sdk=iphoneos*]" = "iPhone Developer";
				COPY_PHASE_STRIP = NO;
				DEBUG_INFORMATION_FORMAT = dwarf;
				ENABLE_STRICT_OBJC_MSGSEND = YES;
				ENABLE_TESTABILITY = YES;
				GCC_C_LANGUAGE_STANDARD = gnu99;
				GCC_DYNAMIC_NO_PIC = NO;
				GCC_NO_COMMON_BLOCKS = YES;
				GCC_OPTIMIZATION_LEVEL = 0;
				GCC_PREPROCESSOR_DEFINITIONS = (
					"DEBUG=1",
					"$(inherited)",
				);
				GCC_WARN_64_TO_32_BIT_CONVERSION = YES;
				GCC_WARN_ABOUT_RETURN_TYPE = YES_ERROR;
				GCC_WARN_UNDECLARED_SELECTOR = YES;
				GCC_WARN_UNINITIALIZED_AUTOS = YES_AGGRESSIVE;
				GCC_WARN_UNUSED_FUNCTION = YES;
				GCC_WARN_UNUSED_VARIABLE = YES;
				IPHONEOS_DEPLOYMENT_TARGET = 7.0;
				MTL_ENABLE_DEBUG_INFO = YES;
				ONLY_ACTIVE_ARCH = YES;
				SDKROOT = iphoneos;
				SWIFT_OPTIMIZATION_LEVEL = "-Onone";
				TARGETED_DEVICE_FAMILY = "1,2";
			};
			name = Debug;
		};
		D9F0D6721C682A0700B627F6 /* Release */ = {
			isa = XCBuildConfiguration;
			buildSettings = {
				ALWAYS_SEARCH_USER_PATHS = NO;
				CLANG_CXX_LANGUAGE_STANDARD = "gnu++0x";
				CLANG_CXX_LIBRARY = "libc++";
				CLANG_ENABLE_MODULES = YES;
				CLANG_ENABLE_OBJC_ARC = YES;
				CLANG_WARN_BOOL_CONVERSION = YES;
				CLANG_WARN_CONSTANT_CONVERSION = YES;
				CLANG_WARN_DIRECT_OBJC_ISA_USAGE = YES_ERROR;
				CLANG_WARN_EMPTY_BODY = YES;
				CLANG_WARN_ENUM_CONVERSION = YES;
				CLANG_WARN_INT_CONVERSION = YES;
				CLANG_WARN_OBJC_ROOT_CLASS = YES_ERROR;
				CLANG_WARN_UNREACHABLE_CODE = YES;
				CLANG_WARN__DUPLICATE_METHOD_MATCH = YES;
				"CODE_SIGN_IDENTITY[sdk=iphoneos*]" = "iPhone Developer";
				COPY_PHASE_STRIP = NO;
				DEBUG_INFORMATION_FORMAT = "dwarf-with-dsym";
				ENABLE_NS_ASSERTIONS = NO;
				ENABLE_STRICT_OBJC_MSGSEND = YES;
				GCC_C_LANGUAGE_STANDARD = gnu99;
				GCC_NO_COMMON_BLOCKS = YES;
				GCC_WARN_64_TO_32_BIT_CONVERSION = YES;
				GCC_WARN_ABOUT_RETURN_TYPE = YES_ERROR;
				GCC_WARN_UNDECLARED_SELECTOR = YES;
				GCC_WARN_UNINITIALIZED_AUTOS = YES_AGGRESSIVE;
				GCC_WARN_UNUSED_FUNCTION = YES;
				GCC_WARN_UNUSED_VARIABLE = YES;
				IPHONEOS_DEPLOYMENT_TARGET = 7.0;
				MTL_ENABLE_DEBUG_INFO = NO;
				SDKROOT = iphoneos;
				TARGETED_DEVICE_FAMILY = "1,2";
				VALIDATE_PRODUCT = YES;
			};
			name = Release;
		};
		D9F0D6741C682A0700B627F6 /* Debug */ = {
			isa = XCBuildConfiguration;
			buildSettings = {
				ASSETCATALOG_COMPILER_APPICON_NAME = AppIcon;
				INFOPLIST_FILE = "Crash Test/Info.plist";
				LD_RUNPATH_SEARCH_PATHS = "$(inherited) @executable_path/Frameworks";
				PRODUCT_BUNDLE_IDENTIFIER = "net.yetii.Crash-Test";
				PRODUCT_NAME = "$(TARGET_NAME)";
			};
			name = Debug;
		};
		D9F0D6751C682A0700B627F6 /* Release */ = {
			isa = XCBuildConfiguration;
			buildSettings = {
				ASSETCATALOG_COMPILER_APPICON_NAME = AppIcon;
				INFOPLIST_FILE = "Crash Test/Info.plist";
				LD_RUNPATH_SEARCH_PATHS = "$(inherited) @executable_path/Frameworks";
				PRODUCT_BUNDLE_IDENTIFIER = "net.yetii.Crash-Test";
				PRODUCT_NAME = "$(TARGET_NAME)";
			};
			name = Release;
		};
/* End XCBuildConfiguration section */

/* Begin XCConfigurationList section */
		D9F0D65C1C682A0700B627F6 /* Build configuration list for PBXProject "Crash Test" */ = {
			isa = XCConfigurationList;
			buildConfigurations = (
				D9F0D6711C682A0700B627F6 /* Debug */,
				D9F0D6721C682A0700B627F6 /* Release */,
			);
			defaultConfigurationIsVisible = 0;
			defaultConfigurationName = Release;
		};
		D9F0D6731C682A0700B627F6 /* Build configuration list for PBXNativeTarget "Crash Test" */ = {
			isa = XCConfigurationList;
			buildConfigurations = (
				D9F0D6741C682A0700B627F6 /* Debug */,
				D9F0D6751C682A0700B627F6 /* Release */,
			);
			defaultConfigurationIsVisible = 0;
			defaultConfigurationName = Release;
		};
/* End XCConfigurationList section */
	};
	rootObject = D9F0D6591C682A0700B627F6 /* Project object */;
}
